
Microsoft Visual Studio Solution File, Format Version 12.00
# Visual Studio 15
VisualStudioVersion = 15.0.28307.705
MinimumVisualStudioVersion = 10.0.40219.1
Project("{FAE04EC0-301F-11D3-BF4B-00C04F79EFBC}") = "XFormsGraphAPI.Android", "XFormsGraphAPI\XFormsGraphAPI.Android\XFormsGraphAPI.Android.csproj", "{9FDD90F4-D92A-4A4F-ABE6-A31E0430B129}"
EndProject
Project("{FAE04EC0-301F-11D3-BF4B-00C04F79EFBC}") = "XFormsGraphAPI.iOS", "XFormsGraphAPI\XFormsGraphAPI.iOS\XFormsGraphAPI.iOS.csproj", "{ACED98A1-A02C-4A95-8FC4-1805382947F5}"
EndProject
Project("{FAE04EC0-301F-11D3-BF4B-00C04F79EFBC}") = "XFormsGraphAPI", "XFormsGraphAPI\XFormsGraphAPI\XFormsGraphAPI.csproj", "{0669A52A-4506-46AF-B75B-9D998A78BA2C}"
EndProject
Global
	GlobalSection(SolutionConfigurationPlatforms) = preSolution
		Ad-Hoc|Any CPU = Ad-Hoc|Any CPU
		Ad-Hoc|iPhone = Ad-Hoc|iPhone
		Ad-Hoc|iPhoneSimulator = Ad-Hoc|iPhoneSimulator
		AppStore|Any CPU = AppStore|Any CPU
		AppStore|iPhone = AppStore|iPhone
		AppStore|iPhoneSimulator = AppStore|iPhoneSimulator
		Debug|Any CPU = Debug|Any CPU
		Debug|iPhone = Debug|iPhone
		Debug|iPhoneSimulator = Debug|iPhoneSimulator
		Release|Any CPU = Release|Any CPU
		Release|iPhone = Release|iPhone
		Release|iPhoneSimulator = Release|iPhoneSimulator
	EndGlobalSection
	GlobalSection(ProjectConfigurationPlatforms) = postSolution
		{9FDD90F4-D92A-4A4F-ABE6-A31E0430B129}.Ad-Hoc|Any CPU.ActiveCfg = Release|Any CPU
		{9FDD90F4-D92A-4A4F-ABE6-A31E0430B129}.Ad-Hoc|Any CPU.Build.0 = Release|Any CPU
		{9FDD90F4-D92A-4A4F-ABE6-A31E0430B129}.Ad-Hoc|Any CPU.Deploy.0 = Release|Any CPU
		{9FDD90F4-D92A-4A4F-ABE6-A31E0430B129}.Ad-Hoc|iPhone.ActiveCfg = Release|Any CPU
		{9FDD90F4-D92A-4A4F-ABE6-A31E0430B129}.Ad-Hoc|iPhone.Build.0 = Release|Any CPU
		{9FDD90F4-D92A-4A4F-ABE6-A31E0430B129}.Ad-Hoc|iPhone.Deploy.0 = Release|Any CPU
		{9FDD90F4-D92A-4A4F-ABE6-A31E0430B129}.Ad-Hoc|iPhoneSimulator.ActiveCfg = Release|Any CPU
		{9FDD90F4-D92A-4A4F-ABE6-A31E0430B129}.Ad-Hoc|iPhoneSimulator.Build.0 = Release|Any CPU
		{9FDD90F4-D92A-4A4F-ABE6-A31E0430B129}.Ad-Hoc|iPhoneSimulator.Deploy.0 = Release|Any CPU
		{9FDD90F4-D92A-4A4F-ABE6-A31E0430B129}.AppStore|Any CPU.ActiveCfg = Release|Any CPU
		{9FDD90F4-D92A-4A4F-ABE6-A31E0430B129}.AppStore|Any CPU.Build.0 = Release|Any CPU
		{9FDD90F4-D92A-4A4F-ABE6-A31E0430B129}.AppStore|Any CPU.Deploy.0 = Release|Any CPU
		{9FDD90F4-D92A-4A4F-ABE6-A31E0430B129}.AppStore|iPhone.ActiveCfg = Release|Any CPU
		{9FDD90F4-D92A-4A4F-ABE6-A31E0430B129}.AppStore|iPhone.Build.0 = Release|Any CPU
		{9FDD90F4-D92A-4A4F-ABE6-A31E0430B129}.AppStore|iPhone.Deploy.0 = Release|Any CPU
		{9FDD90F4-D92A-4A4F-ABE6-A31E0430B129}.AppStore|iPhoneSimulator.ActiveCfg = Release|Any CPU
		{9FDD90F4-D92A-4A4F-ABE6-A31E0430B129}.AppStore|iPhoneSimulator.Build.0 = Release|Any CPU
		{9FDD90F4-D92A-4A4F-ABE6-A31E0430B129}.AppStore|iPhoneSimulator.Deploy.0 = Release|Any CPU
		{9FDD90F4-D92A-4A4F-ABE6-A31E0430B129}.Debug|Any CPU.ActiveCfg = Debug|Any CPU
		{9FDD90F4-D92A-4A4F-ABE6-A31E0430B129}.Debug|Any CPU.Build.0 = Debug|Any CPU
		{9FDD90F4-D92A-4A4F-ABE6-A31E0430B129}.Debug|Any CPU.Deploy.0 = Debug|Any CPU
		{9FDD90F4-D92A-4A4F-ABE6-A31E0430B129}.Debug|iPhone.ActiveCfg = Debug|Any CPU
		{9FDD90F4-D92A-4A4F-ABE6-A31E0430B129}.Debug|iPhone.Build.0 = Debug|Any CPU
		{9FDD90F4-D92A-4A4F-ABE6-A31E0430B129}.Debug|iPhone.Deploy.0 = Debug|Any CPU
		{9FDD90F4-D92A-4A4F-ABE6-A31E0430B129}.Debug|iPhoneSimulator.ActiveCfg = Debug|Any CPU
		{9FDD90F4-D92A-4A4F-ABE6-A31E0430B129}.Debug|iPhoneSimulator.Build.0 = Debug|Any CPU
		{9FDD90F4-D92A-4A4F-ABE6-A31E0430B129}.Debug|iPhoneSimulator.Deploy.0 = Debug|Any CPU
		{9FDD90F4-D92A-4A4F-ABE6-A31E0430B129}.Release|Any CPU.ActiveCfg = Release|Any CPU
		{9FDD90F4-D92A-4A4F-ABE6-A31E0430B129}.Release|Any CPU.Build.0 = Release|Any CPU
		{9FDD90F4-D92A-4A4F-ABE6-A31E0430B129}.Release|Any CPU.Deploy.0 = Release|Any CPU
		{9FDD90F4-D92A-4A4F-ABE6-A31E0430B129}.Release|iPhone.ActiveCfg = Release|Any CPU
		{9FDD90F4-D92A-4A4F-ABE6-A31E0430B129}.Release|iPhone.Build.0 = Release|Any CPU
		{9FDD90F4-D92A-4A4F-ABE6-A31E0430B129}.Release|iPhone.Deploy.0 = Release|Any CPU
		{9FDD90F4-D92A-4A4F-ABE6-A31E0430B129}.Release|iPhoneSimulator.ActiveCfg = Release|Any CPU
		{9FDD90F4-D92A-4A4F-ABE6-A31E0430B129}.Release|iPhoneSimulator.Build.0 = Release|Any CPU
		{9FDD90F4-D92A-4A4F-ABE6-A31E0430B129}.Release|iPhoneSimulator.Deploy.0 = Release|Any CPU
		{ACED98A1-A02C-4A95-8FC4-1805382947F5}.Ad-Hoc|Any CPU.ActiveCfg = Ad-Hoc|iPhone
		{ACED98A1-A02C-4A95-8FC4-1805382947F5}.Ad-Hoc|Any CPU.Build.0 = Ad-Hoc|iPhone
		{ACED98A1-A02C-4A95-8FC4-1805382947F5}.Ad-Hoc|Any CPU.Deploy.0 = Ad-Hoc|iPhone
		{ACED98A1-A02C-4A95-8FC4-1805382947F5}.Ad-Hoc|iPhone.ActiveCfg = Ad-Hoc|iPhone
		{ACED98A1-A02C-4A95-8FC4-1805382947F5}.Ad-Hoc|iPhone.Build.0 = Ad-Hoc|iPhone
		{ACED98A1-A02C-4A95-8FC4-1805382947F5}.Ad-Hoc|iPhone.Deploy.0 = Ad-Hoc|iPhone
		{ACED98A1-A02C-4A95-8FC4-1805382947F5}.Ad-Hoc|iPhoneSimulator.ActiveCfg = Ad-Hoc|iPhoneSimulator
		{ACED98A1-A02C-4A95-8FC4-1805382947F5}.Ad-Hoc|iPhoneSimulator.Build.0 = Ad-Hoc|iPhoneSimulator
		{ACED98A1-A02C-4A95-8FC4-1805382947F5}.Ad-Hoc|iPhoneSimulator.Deploy.0 = Ad-Hoc|iPhoneSimulator
		{ACED98A1-A02C-4A95-8FC4-1805382947F5}.AppStore|Any CPU.ActiveCfg = AppStore|iPhone
		{ACED98A1-A02C-4A95-8FC4-1805382947F5}.AppStore|Any CPU.Build.0 = AppStore|iPhone
		{ACED98A1-A02C-4A95-8FC4-1805382947F5}.AppStore|Any CPU.Deploy.0 = AppStore|iPhone
		{ACED98A1-A02C-4A95-8FC4-1805382947F5}.AppStore|iPhone.ActiveCfg = AppStore|iPhone
		{ACED98A1-A02C-4A95-8FC4-1805382947F5}.AppStore|iPhone.Build.0 = AppStore|iPhone
		{ACED98A1-A02C-4A95-8FC4-1805382947F5}.AppStore|iPhone.Deploy.0 = AppStore|iPhone
		{ACED98A1-A02C-4A95-8FC4-1805382947F5}.AppStore|iPhoneSimulator.ActiveCfg = AppStore|iPhoneSimulator
		{ACED98A1-A02C-4A95-8FC4-1805382947F5}.AppStore|iPhoneSimulator.Build.0 = AppStore|iPhoneSimulator
		{ACED98A1-A02C-4A95-8FC4-1805382947F5}.AppStore|iPhoneSimulator.Deploy.0 = AppStore|iPhoneSimulator
		{ACED98A1-A02C-4A95-8FC4-1805382947F5}.Debug|Any CPU.ActiveCfg = Debug|iPhoneSimulator
		{ACED98A1-A02C-4A95-8FC4-1805382947F5}.Debug|Any CPU.Build.0 = Debug|iPhoneSimulator
		{ACED98A1-A02C-4A95-8FC4-1805382947F5}.Debug|Any CPU.Deploy.0 = Debug|iPhoneSimulator
		{ACED98A1-A02C-4A95-8FC4-1805382947F5}.Debug|iPhone.ActiveCfg = Debug|iPhone
		{ACED98A1-A02C-4A95-8FC4-1805382947F5}.Debug|iPhone.Build.0 = Debug|iPhone
		{ACED98A1-A02C-4A95-8FC4-1805382947F5}.Debug|iPhone.Deploy.0 = Debug|iPhone
		{ACED98A1-A02C-4A95-8FC4-1805382947F5}.Debug|iPhoneSimulator.ActiveCfg = Debug|iPhoneSimulator
		{ACED98A1-A02C-4A95-8FC4-1805382947F5}.Debug|iPhoneSimulator.Build.0 = Debug|iPhoneSimulator
		{ACED98A1-A02C-4A95-8FC4-1805382947F5}.Debug|iPhoneSimulator.Deploy.0 = Debug|iPhoneSimulator
		{ACED98A1-A02C-4A95-8FC4-1805382947F5}.Release|Any CPU.ActiveCfg = Release|iPhone
		{ACED98A1-A02C-4A95-8FC4-1805382947F5}.Release|Any CPU.Build.0 = Release|iPhone
		{ACED98A1-A02C-4A95-8FC4-1805382947F5}.Release|Any CPU.Deploy.0 = Release|iPhone
		{ACED98A1-A02C-4A95-8FC4-1805382947F5}.Release|iPhone.ActiveCfg = Release|iPhone
		{ACED98A1-A02C-4A95-8FC4-1805382947F5}.Release|iPhone.Build.0 = Release|iPhone
		{ACED98A1-A02C-4A95-8FC4-1805382947F5}.Release|iPhone.Deploy.0 = Release|iPhone
		{ACED98A1-A02C-4A95-8FC4-1805382947F5}.Release|iPhoneSimulator.ActiveCfg = Release|iPhoneSimulator
		{ACED98A1-A02C-4A95-8FC4-1805382947F5}.Release|iPhoneSimulator.Build.0 = Release|iPhoneSimulator
		{ACED98A1-A02C-4A95-8FC4-1805382947F5}.Release|iPhoneSimulator.Deploy.0 = Release|iPhoneSimulator
		{0669A52A-4506-46AF-B75B-9D998A78BA2C}.Ad-Hoc|Any CPU.ActiveCfg = Debug|Any CPU
		{0669A52A-4506-46AF-B75B-9D998A78BA2C}.Ad-Hoc|Any CPU.Build.0 = Debug|Any CPU
		{0669A52A-4506-46AF-B75B-9D998A78BA2C}.Ad-Hoc|Any CPU.Deploy.0 = Debug|Any CPU
		{0669A52A-4506-46AF-B75B-9D998A78BA2C}.Ad-Hoc|iPhone.ActiveCfg = Debug|Any CPU
		{0669A52A-4506-46AF-B75B-9D998A78BA2C}.Ad-Hoc|iPhone.Build.0 = Debug|Any CPU
		{0669A52A-4506-46AF-B75B-9D998A78BA2C}.Ad-Hoc|iPhone.Deploy.0 = Debug|Any CPU
		{0669A52A-4506-46AF-B75B-9D998A78BA2C}.Ad-Hoc|iPhoneSimulator.ActiveCfg = Debug|Any CPU
		{0669A52A-4506-46AF-B75B-9D998A78BA2C}.Ad-Hoc|iPhoneSimulator.Build.0 = Debug|Any CPU
		{0669A52A-4506-46AF-B75B-9D998A78BA2C}.Ad-Hoc|iPhoneSimulator.Deploy.0 = Debug|Any CPU
		{0669A52A-4506-46AF-B75B-9D998A78BA2C}.AppStore|Any CPU.ActiveCfg = Debug|Any CPU
		{0669A52A-4506-46AF-B75B-9D998A78BA2C}.AppStore|Any CPU.Build.0 = Debug|Any CPU
		{0669A52A-4506-46AF-B75B-9D998A78BA2C}.AppStore|Any CPU.Deploy.0 = Debug|Any CPU
		{0669A52A-4506-46AF-B75B-9D998A78BA2C}.AppStore|iPhone.ActiveCfg = Debug|Any CPU
		{0669A52A-4506-46AF-B75B-9D998A78BA2C}.AppStore|iPhone.Build.0 = Debug|Any CPU
		{0669A52A-4506-46AF-B75B-9D998A78BA2C}.AppStore|iPhone.Deploy.0 = Debug|Any CPU
		{0669A52A-4506-46AF-B75B-9D998A78BA2C}.AppStore|iPhoneSimulator.ActiveCfg = Debug|Any CPU
		{0669A52A-4506-46AF-B75B-9D998A78BA2C}.AppStore|iPhoneSimulator.Build.0 = Debug|Any CPU
		{0669A52A-4506-46AF-B75B-9D998A78BA2C}.AppStore|iPhoneSimulator.Deploy.0 = Debug|Any CPU
		{0669A52A-4506-46AF-B75B-9D998A78BA2C}.Debug|Any CPU.ActiveCfg = Debug|Any CPU
		{0669A52A-4506-46AF-B75B-9D998A78BA2C}.Debug|Any CPU.Build.0 = Debug|Any CPU
		{0669A52A-4506-46AF-B75B-9D998A78BA2C}.Debug|Any CPU.Deploy.0 = Debug|Any CPU
		{0669A52A-4506-46AF-B75B-9D998A78BA2C}.Debug|iPhone.ActiveCfg = Debug|Any CPU
		{0669A52A-4506-46AF-B75B-9D998A78BA2C}.Debug|iPhone.Build.0 = Debug|Any CPU
		{0669A52A-4506-46AF-B75B-9D998A78BA2C}.Debug|iPhone.Deploy.0 = Debug|Any CPU
		{0669A52A-4506-46AF-B75B-9D998A78BA2C}.Debug|iPhoneSimulator.ActiveCfg = Debug|Any CPU
		{0669A52A-4506-46AF-B75B-9D998A78BA2C}.Debug|iPhoneSimulator.Build.0 = Debug|Any CPU
		{0669A52A-4506-46AF-B75B-9D998A78BA2C}.Debug|iPhoneSimulator.Deploy.0 = Debug|Any CPU
		{0669A52A-4506-46AF-B75B-9D998A78BA2C}.Release|Any CPU.ActiveCfg = Release|Any CPU
		{0669A52A-4506-46AF-B75B-9D998A78BA2C}.Release|Any CPU.Build.0 = Release|Any CPU
		{0669A52A-4506-46AF-B75B-9D998A78BA2C}.Release|Any CPU.Deploy.0 = Release|Any CPU
		{0669A52A-4506-46AF-B75B-9D998A78BA2C}.Release|iPhone.ActiveCfg = Release|Any CPU
		{0669A52A-4506-46AF-B75B-9D998A78BA2C}.Release|iPhone.Build.0 = Release|Any CPU
		{0669A52A-4506-46AF-B75B-9D998A78BA2C}.Release|iPhone.Deploy.0 = Release|Any CPU
		{0669A52A-4506-46AF-B75B-9D998A78BA2C}.Release|iPhoneSimulator.ActiveCfg = Release|Any CPU
		{0669A52A-4506-46AF-B75B-9D998A78BA2C}.Release|iPhoneSimulator.Build.0 = Release|Any CPU
		{0669A52A-4506-46AF-B75B-9D998A78BA2C}.Release|iPhoneSimulator.Deploy.0 = Release|Any CPU
	EndGlobalSection
	GlobalSection(SolutionProperties) = preSolution
		HideSolutionNode = FALSE
	EndGlobalSection
	GlobalSection(ExtensibilityGlobals) = postSolution
		SolutionGuid = {7859E0C6-D632-4074-8BBA-AC222C8B90A7}
	EndGlobalSection
EndGlobal
